github.com/AI-QL/go-socks5 v1.0.1 h1:Vc0NgyMLnj19dRZHUU5gterCZtgjhf+oA0rWgW7XjkM=
github.com/AI-QL/go-socks5 v1.0.1/go.mod h1:y47Av0oEgvuqvbQOujtaKvNx2RE3RFVs74Lsq9kFWRs=
github.com/caarlos0/env/v11 v11.2.2 h1:95fApNrUyueipoZN/EhA8mMxiNxrBwDa+oAZrMWl3Kg=
github.com/caarlos0/env/v11 v11.2.2/go.mod h1:JBfcdeQiBoI3Zh1QRAWfe+tpiNTmDtcCj/hHHHMx0vc=
